
Microsoft Visual Studio Solution File, Format Version 12.00
# Visual Studio 15
VisualStudioVersion = 15.0.27703.2042
MinimumVisualStudioVersion = 10.0.40219.1
Project("{9A19103F-16F7-4668-BE54-9A1E7A4F7556}") = "BusinessRules", "BusinessRules\BusinessRules.csproj", "{89930485-F2B6-440A-9598-BC6BA7579E28}"
EndProject
Project("{9A19103F-16F7-4668-BE54-9A1E7A4F7556}") = "BusinessRules.Common", "BusinessRules.Common\BusinessRules.Common.csproj", "{B00650E2-C851-4BB0-8285-BC3B56B9152A}"
EndProject
Project("{9A19103F-16F7-4668-BE54-9A1E7A4F7556}") = "BusinessRules.Core", "BusinessRules.Core\BusinessRules.Core.csproj", "{943B4CC2-2B24-421A-AD15-894F5D5FBB4B}"
EndProject
Project("{FAE04EC0-301F-11D3-BF4B-00C04F79EFBC}") = "BusinessRules.Core.Tests", "BusinessRules.Core.Tests\BusinessRules.Core.Tests.csproj", "{E15613AD-9AEF-40A2-A47F-54DAC228F086}"
EndProject
Global
	GlobalSection(SolutionConfigurationPlatforms) = preSolution
		Debug|Any CPU = Debug|Any CPU
		Release|Any CPU = Release|Any CPU
	EndGlobalSection
	GlobalSection(ProjectConfigurationPlatforms) = postSolution
		{89930485-F2B6-440A-9598-BC6BA7579E28}.Debug|Any CPU.ActiveCfg = Debug|Any CPU
		{89930485-F2B6-440A-9598-BC6BA7579E28}.Debug|Any CPU.Build.0 = Debug|Any CPU
		{89930485-F2B6-440A-9598-BC6BA7579E28}.Release|Any CPU.ActiveCfg = Release|Any CPU
		{89930485-F2B6-440A-9598-BC6BA7579E28}.Release|Any CPU.Build.0 = Release|Any CPU
		{B00650E2-C851-4BB0-8285-BC3B56B9152A}.Debug|Any CPU.ActiveCfg = Debug|Any CPU
		{B00650E2-C851-4BB0-8285-BC3B56B9152A}.Debug|Any CPU.Build.0 = Debug|Any CPU
		{B00650E2-C851-4BB0-8285-BC3B56B9152A}.Release|Any CPU.ActiveCfg = Release|Any CPU
		{B00650E2-C851-4BB0-8285-BC3B56B9152A}.Release|Any CPU.Build.0 = Release|Any CPU
		{943B4CC2-2B24-421A-AD15-894F5D5FBB4B}.Debug|Any CPU.ActiveCfg = Debug|Any CPU
		{943B4CC2-2B24-421A-AD15-894F5D5FBB4B}.Debug|Any CPU.Build.0 = Debug|Any CPU
		{943B4CC2-2B24-421A-AD15-894F5D5FBB4B}.Release|Any CPU.ActiveCfg = Release|Any CPU
		{943B4CC2-2B24-421A-AD15-894F5D5FBB4B}.Release|Any CPU.Build.0 = Release|Any CPU
		{E15613AD-9AEF-40A2-A47F-54DAC228F086}.Debug|Any CPU.ActiveCfg = Debug|Any CPU
		{E15613AD-9AEF-40A2-A47F-54DAC228F086}.Debug|Any CPU.Build.0 = Debug|Any CPU
		{E15613AD-9AEF-40A2-A47F-54DAC228F086}.Release|Any CPU.ActiveCfg = Release|Any CPU
		{E15613AD-9AEF-40A2-A47F-54DAC228F086}.Release|Any CPU.Build.0 = Release|Any CPU
	EndGlobalSection
	GlobalSection(SolutionProperties) = preSolution
		HideSolutionNode = FALSE
	EndGlobalSection
	GlobalSection(ExtensibilityGlobals) = postSolution
		SolutionGuid = {B542F3D1-4532-4F4B-B995-AF6E644122B4}
	EndGlobalSection
EndGlobal
